
Microsoft Visual Studio Solution File, Format Version 12.00
# Visual Studio Version 16
VisualStudioVersion = 16.0.30717.126
MinimumVisualStudioVersion = 10.0.40219.1
Project("{FAE04EC0-301F-11D3-BF4B-00C04F79EFBC}") = "Generator", "Generator\Generator.csproj", "{34902B08-25B9-413F-B09A-746598942E4E}"
EndProject
Project("{54435603-DBB4-11D2-8724-00A0C9A8B90C}") = "ImeiGenerator", "ImeiGenerator\ImeiGenerator.vdproj", "{EDE6EDDE-4239-4187-A322-DABB28FD9B8F}"
EndProject
Global
	GlobalSection(SolutionConfigurationPlatforms) = preSolution
		Debug|Any CPU = Debug|Any CPU
		Release|Any CPU = Release|Any CPU
	EndGlobalSection
	GlobalSection(ProjectConfigurationPlatforms) = postSolution
		{34902B08-25B9-413F-B09A-746598942E4E}.Debug|Any CPU.ActiveCfg = Debug|Any CPU
		{34902B08-25B9-413F-B09A-746598942E4E}.Debug|Any CPU.Build.0 = Debug|Any CPU
		{34902B08-25B9-413F-B09A-746598942E4E}.Release|Any CPU.ActiveCfg = Release|Any CPU
		{34902B08-25B9-413F-B09A-746598942E4E}.Release|Any CPU.Build.0 = Release|Any CPU
		{EDE6EDDE-4239-4187-A322-DABB28FD9B8F}.Debug|Any CPU.ActiveCfg = Debug
		{EDE6EDDE-4239-4187-A322-DABB28FD9B8F}.Release|Any CPU.ActiveCfg = Release
	EndGlobalSection
	GlobalSection(SolutionProperties) = preSolution
		HideSolutionNode = FALSE
	EndGlobalSection
	GlobalSection(ExtensibilityGlobals) = postSolution
		SolutionGuid = {63369AED-47B2-409E-8231-2799AFFBA3E0}
	EndGlobalSection
EndGlobal
